{
  "name": "bank-start",
  "lockfileVersion": 3,
  "requires": true,
  "packages": {
    "": {
      "dependencies": {
        "keycloak-angular": "^16.0.1",
        "keycloak-js": "^25.0.2"
      }
    },
    "node_modules/@angular/common": {
      "version": "18.1.3",
      "resolved": "https://registry.npmjs.org/@angular/common/-/common-18.1.3.tgz",
      "integrity": "sha512-TC71jVph4L+QaXlyJTrW27nbqis4sWwr9hD/RDSNkfY9XCvYDb2MjYjKrpbN03FWiv7lmcKT9zgse1fYENFsKQ==",
      "peer": true,
      "dependencies": {
        "tslib": "^2.3.0"
      },
      "engines": {
        "node": "^18.19.1 || ^20.11.1 || >=22.0.0"
      },
      "peerDependencies": {
        "@angular/core": "18.1.3",
        "rxjs": "^6.5.3 || ^7.4.0"
      }
    },
    "node_modules/@angular/core": {
      "version": "18.1.3",
      "resolved": "https://registry.npmjs.org/@angular/core/-/core-18.1.3.tgz",
      "integrity": "sha512-1tFTyGLwio5oYAP2sMVDiOvy5wl/v0a4om7RTCpP2Bjro0ynuYe8FK7ilcmdyPXR1DF7GVdo/0R/eCIQJZ2PwA==",
      "peer": true,
      "dependencies": {
        "tslib": "^2.3.0"
      },
      "engines": {
        "node": "^18.19.1 || ^20.11.1 || >=22.0.0"
      },
      "peerDependencies": {
        "rxjs": "^6.5.3 || ^7.4.0",
        "zone.js": "~0.14.0"
      }
    },
    "node_modules/@angular/platform-browser": {
      "version": "18.1.3",
      "resolved": "https://registry.npmjs.org/@angular/platform-browser/-/platform-browser-18.1.3.tgz",
      "integrity": "sha512-/k5Xt/WjOk6OlRqb1Wd0ZUQ3NjSbafQyDC9Icy0Mb8qJtiXZjA4VCMkZIiQD7cBxO0F/BsAiYnYNjWrIkCZICA==",
      "peer": true,
      "dependencies": {
        "tslib": "^2.3.0"
      },
      "engines": {
        "node": "^18.19.1 || ^20.11.1 || >=22.0.0"
      },
      "peerDependencies": {
        "@angular/animations": "18.1.3",
        "@angular/common": "18.1.3",
        "@angular/core": "18.1.3"
      },
      "peerDependenciesMeta": {
        "@angular/animations": {
          "optional": true
        }
      }
    },
    "node_modules/@angular/router": {
      "version": "18.1.3",
      "resolved": "https://registry.npmjs.org/@angular/router/-/router-18.1.3.tgz",
      "integrity": "sha512-6fXiTgdUnaGGF32Un4+7LttG1N9rziansigvLBzFG//qYU0Ihk49phqDdWxz11iaJ+uK1YVafkjSFvV7z9cgDA==",
      "peer": true,
      "dependencies": {
        "tslib": "^2.3.0"
      },
      "engines": {
        "node": "^18.19.1 || ^20.11.1 || >=22.0.0"
      },
      "peerDependencies": {
        "@angular/common": "18.1.3",
        "@angular/core": "18.1.3",
        "@angular/platform-browser": "18.1.3",
        "rxjs": "^6.5.3 || ^7.4.0"
      }
    },
    "node_modules/js-sha256": {
      "version": "0.11.0",
      "resolved": "https://registry.npmjs.org/js-sha256/-/js-sha256-0.11.0.tgz",
      "integrity": "sha512-6xNlKayMZvds9h1Y1VWc0fQHQ82BxTXizWPEtEeGvmOUYpBRy4gbWroHLpzowe6xiQhHpelCQiE7HEdznyBL9Q=="
    },
    "node_modules/jwt-decode": {
      "version": "4.0.0",
      "resolved": "https://registry.npmjs.org/jwt-decode/-/jwt-decode-4.0.0.tgz",
      "integrity": "sha512-+KJGIyHgkGuIq3IEBNftfhW/LfWhXUIY6OmyVWjliu5KH1y0fw7VQ8YndE2O4qZdMSd9SqbnC8GOcZEy0Om7sA==",
      "engines": {
        "node": ">=18"
      }
    },
    "node_modules/keycloak-angular": {
      "version": "16.0.1",
      "resolved": "https://registry.npmjs.org/keycloak-angular/-/keycloak-angular-16.0.1.tgz",
      "integrity": "sha512-ytkL32R/tfHEyZ3txQtgH1y0WofW/D36zTbo2agDCYUtZETq0wAQ3E/4bVDUAr6ZKwotgAnIyOORfErnvDkXng==",
      "dependencies": {
        "tslib": "^2.3.1"
      },
      "peerDependencies": {
        "@angular/common": "^18",
        "@angular/core": "^18",
        "@angular/router": "^18",
        "keycloak-js": "^18 || ^19 || ^20 || ^21 || ^22 || ^23 || ^24 || ^25"
      }
    },
    "node_modules/keycloak-js": {
      "version": "25.0.2",
      "resolved": "https://registry.npmjs.org/keycloak-js/-/keycloak-js-25.0.2.tgz",
      "integrity": "sha512-ACLf5O5PqzfDJwGqvLpqM0kflYWmyl3+T7M2C23gztJYccDxdfNP54+B9OkXz2GnDpLUId0ceoA+lbHw9t4Wng==",
      "dependencies": {
        "js-sha256": "^0.11.0",
        "jwt-decode": "^4.0.0"
      }
    },
    "node_modules/rxjs": {
      "version": "7.8.1",
      "resolved": "https://registry.npmjs.org/rxjs/-/rxjs-7.8.1.tgz",
      "integrity": "sha512-AA3TVj+0A2iuIoQkWEK/tqFjBq2j+6PO6Y0zJcvzLAFhEFIO3HL0vls9hWLncZbAAbK0mar7oZ4V079I/qPMxg==",
      "peer": true,
      "dependencies": {
        "tslib": "^2.1.0"
      }
    },
    "node_modules/tslib": {
      "version": "2.6.3",
      "resolved": "https://registry.npmjs.org/tslib/-/tslib-2.6.3.tgz",
      "integrity": "sha512-xNvxJEOUiWPGhUuUdQgAJPKOOJfGnIyKySOc09XkKsgdUV/3E2zvwZYdejjmRgPCgcym1juLH3226yA7sEFJKQ=="
    },
    "node_modules/zone.js": {
      "version": "0.14.10",
      "resolved": "https://registry.npmjs.org/zone.js/-/zone.js-0.14.10.tgz",
      "integrity": "sha512-YGAhaO7J5ywOXW6InXNlLmfU194F8lVgu7bRntUF3TiG8Y3nBK0x1UJJuHUP/e8IyihkjCYqhCScpSwnlaSRkQ==",
      "peer": true
    }
  }
}
